
Microsoft Visual Studio Solution File, Format Version 12.00
# Visual Studio 15
VisualStudioVersion = 15.0.28010.2003
MinimumVisualStudioVersion = 10.0.40219.1
Project("{FAE04EC0-301F-11D3-BF4B-00C04F79EFBC}") = "pruebaExtNuevoCSharp", "pruebaExtNuevoCSharp\pruebaExtNuevoCSharp.csproj", "{FC0DF9A5-0909-46C1-AAC6-E69DCF474032}"
EndProject
Global
	GlobalSection(SolutionConfigurationPlatforms) = preSolution
		Debug|Any CPU = Debug|Any CPU
		Release|Any CPU = Release|Any CPU
	EndGlobalSection
	GlobalSection(ProjectConfigurationPlatforms) = postSolution
		{FC0DF9A5-0909-46C1-AAC6-E69DCF474032}.Debug|Any CPU.ActiveCfg = Debug|Any CPU
		{FC0DF9A5-0909-46C1-AAC6-E69DCF474032}.Debug|Any CPU.Build.0 = Debug|Any CPU
		{FC0DF9A5-0909-46C1-AAC6-E69DCF474032}.Release|Any CPU.ActiveCfg = Release|Any CPU
		{FC0DF9A5-0909-46C1-AAC6-E69DCF474032}.Release|Any CPU.Build.0 = Release|Any CPU
	EndGlobalSection
	GlobalSection(SolutionProperties) = preSolution
		HideSolutionNode = FALSE
	EndGlobalSection
	GlobalSection(ExtensibilityGlobals) = postSolution
		SolutionGuid = {D194B134-1CBF-4701-94C7-CBB07A07503E}
	EndGlobalSection
EndGlobal
